# This file is autogenerated, do not edit; changes may be undone by the next 'dep ensure'.


[[projects]]
  digest = "1:b0fe84bcee1d0c3579d855029ccd3a76deea187412da2976985e4946289dbb2c"
  name = "github.com/NYTimes/gziphandler"
  packages = ["."]
  pruneopts = ""
  revision = "2600fb119af974220d3916a5916d6e31176aac1b"
  version = "v1.0.1"

[[projects]]
  branch = "master"
  digest = "1:e1e60f3560af04dd3c9cf64fd03e8fcb3c5e7ed0f0528d633a1839d3ed82d909"
  name = "github.com/bakins/logrus-middleware"
  packages = ["."]
  pruneopts = ""
  revision = "bc7e006ebb6e49b773eb7bd8fd39536ef053e8ae"
  source = "github.com/documatrix/logrus-middleware"

[[projects]]
  branch = "master"
  digest = "1:358f9731027e87f8ae3a7e52f0473031be47d1e041295b3c0afc84dc779c0666"
  name = "github.com/erikstmartin/go-testdb"
  packages = ["."]
  pruneopts = ""
  revision = "8d10e4a1bae52cd8b81ffdec3445890d6dccab3d"

[[projects]]
  digest = "1:30bcd005fdaeecabf803cfc57e38ce70ca07f1283be162b89cdf0fea6ebb594a"
  name = "github.com/frankban/quicktest"
  packages = ["."]
  pruneopts = ""
  revision = "d71875cc1e6131a1acd7e89ba7aeabf8cc29c9b7"
  version = "v1.10.2"

[[projects]]
  digest = "1:eb53021a8aa3f599d29c7102e65026242bdedce998a54837dc67f14b6a97c5fd"
  name = "github.com/fsnotify/fsnotify"
  packages = ["."]
  pruneopts = ""
  revision = "c2828203cd70a50dcccfb2761f8b1f8ceef9a8e9"
  version = "v1.4.7"

[[projects]]
  digest = "1:24f8932912fd9331367d38715bb74be889dc2f94d401109c3aa3db8b3aa246c5"
  name = "github.com/go-sql-driver/mysql"
  packages = ["."]
  pruneopts = ""
  revision = "a0583e0143b1624142adab07e0e97fe106d99561"
  version = "v1.3.0"

[[projects]]
  digest = "1:1e5b1e14524ed08301977b7b8e10c719ed853cbf3f24ecb66fae783a46f207a6"
  name = "github.com/google/btree"
  packages = ["."]
  pruneopts = ""
  revision = "4030bb1f1f0c35b30ca7009e9ebd06849dd45306"
  version = "v1.0.0"

[[projects]]
  digest = "1:5c76e5d4adc937e8047abec4d47945f62cab09fbd2845f6f94def75a93b30fee"
  name = "github.com/google/go-cmp"
  packages = [
    "cmp",
    "cmp/cmpopts",
    "cmp/internal/diff",
    "cmp/internal/flags",
    "cmp/internal/function",
    "cmp/internal/value",
  ]
  pruneopts = ""
  revision = "d2fcc899bdc2d134b7c00e36137260db963e193c"
  version = "v0.5.2"

[[projects]]
  digest = "1:dbbeb8ddb0be949954c8157ee8439c2adfd8dc1c9510eb44a6e58cb68c3dce28"
  name = "github.com/gorilla/context"
  packages = ["."]
  pruneopts = ""
  revision = "08b5f424b9271eedf6f9f0ce86cb9396ed337a42"
  version = "v1.1.1"

[[projects]]
  digest = "1:c2c8666b4836c81a1d247bdf21c6a6fc1ab586538ab56f74437c2e0df5c375e1"
  name = "github.com/gorilla/mux"
  packages = ["."]
  pruneopts = ""
  revision = "e3702bed27f0d39777b0b37b664b6280e8ef8fbf"
  version = "v1.6.2"

[[projects]]
  branch = "master"
  digest = "1:9b7c5846d70f425d7fe279595e32a20994c6075e87be03b5c367ed07280877c5"
  name = "github.com/hashicorp/hcl"
  packages = [
    ".",
    "hcl/ast",
    "hcl/parser",
    "hcl/printer",
    "hcl/scanner",
    "hcl/strconv",
    "hcl/token",
    "json/parser",
    "json/scanner",
    "json/token",
  ]
  pruneopts = ""
  revision = "ef8a98b0bbce4a65b5aa4c368430a80ddc533168"

[[projects]]
  branch = "master"
  digest = "1:46f15a52a482295b6cfd605d7df96e7298bb2b8c2e9f8e648107188df9211be6"
  name = "github.com/jinzhu/gorm"
  packages = [
    ".",
    "dialects/mysql",
  ]
  pruneopts = ""
  revision = "7c9ad85cc302e6cae74a7dac7b041f2887c4c8d2"
  source = "github.com/documatrix/gorm"

[[projects]]
  branch = "master"
  digest = "1:d9a7385b84d8187fd94e0357045c6fa1147ca94caa56fdd539336c7c102fc728"
  name = "github.com/jinzhu/inflection"
  packages = ["."]
  pruneopts = ""
  revision = "04140366298a54a039076d798123ffa108fff46c"

[[projects]]
  branch = "master"
  digest = "1:2c5ad58492804c40bdaf5d92039b0cde8b5becd2b7feeb37d7d1cc36a8aa8dbe"
  name = "github.com/kardianos/osext"
  packages = ["."]
  pruneopts = ""
  revision = "ae77be60afb1dcacde03767a8c37337fad28ac14"

[[projects]]
  branch = "master"
  digest = "1:88cbd71fefc99a6cc6f1c576ac6769c30d47dff3ef748d894fd8f24806472272"
  name = "github.com/kardianos/service"
  packages = ["."]
  pruneopts = ""
  revision = "bda2a8f789be79f40063f74d7c89496d67d5c1ad"
  source = "github.com/documatrix/service"

[[projects]]
  digest = "1:a998c21702ed2bf6168914461eb21d75276a74f189be17d5448bcbe723c2f2ce"
  name = "github.com/kellydunn/golang-geo"
  packages = ["."]
  pruneopts = ""
  revision = "0862dac374594467ff6cc454c7cc974536e039b2"
  version = "v0.7.0"

[[projects]]
  digest = "1:c2d5e812c4ab42688df7d01b85b5b3f1ec65135721ee5efdaf579ebd80b12e02"
  name = "github.com/kr/pretty"
  packages = ["."]
  pruneopts = ""
  revision = "ead452280cd055b2ae8a7f0db5eb37a878d902f7"
  version = "v0.2.1"

[[projects]]
  digest = "1:e1b23b6ab2d19b5938bde2916f5b21573c0a47276e3dcfd696b6f729b4e8f541"
  name = "github.com/kr/text"
  packages = ["."]
  pruneopts = ""
  revision = "702c74938df48b97370179f33ce2107bd7ff3b3e"
  version = "v0.2.0"

[[projects]]
  branch = "master"
  digest = "1:72ac8b303addf8e2ba29c3fab8feb6630d05b272ae07f9f60b281ad9ee97b61f"
  name = "github.com/kylelemons/go-gypsy"
  packages = ["yaml"]
  pruneopts = ""
  revision = "08cad365cd28a7fba23bb1e57aa43c5e18ad8bb8"

[[projects]]
  digest = "1:29145d7af4adafd72a79df5e41456ac9e232d5a28c1cd4dacf3ff008a217fc10"
  name = "github.com/lib/pq"
  packages = [
    ".",
    "oid",
  ]
  pruneopts = ""
  revision = "4ded0e9383f75c197b3a2aaa6d590ac52df6fd79"
  version = "v1.0.0"

[[projects]]
  digest = "1:961dc3b1d11f969370533390fdf203813162980c858e1dabe827b60940c909a5"
  name = "github.com/magiconair/properties"
  packages = ["."]
  pruneopts = ""
  revision = "c2353362d570a7bfa228149c62842019201cfb71"
  version = "v1.8.0"

[[projects]]
  branch = "master"
  digest = "1:eb9117392ee8e7aa44f78e0db603f70b1050ee0ebda4bd40040befb5b218c546"
  name = "github.com/mitchellh/mapstructure"
  packages = ["."]
  pruneopts = ""
  revision = "bb74f1db0675b241733089d5a1faa5dd8b0ef57b"

[[projects]]
  digest = "1:d60cfeee185019d4fcd35e8c89c83aff576e4723b6100300bf67b05be961388f"
  name = "github.com/pelletier/go-toml"
  packages = ["."]
  pruneopts = ""
  revision = "acdc4509485b587f5e675510c4f2c63e90ff68a8"
  version = "v1.1.0"

[[projects]]
  branch = "master"
  digest = "1:5f0faa008e8ff4221b55a1a5057c8b02cb2fd68da6a65c9e31c82b72cbc836d0"
  name = "github.com/petar/GoLLRB"
  packages = ["llrb"]
  pruneopts = ""
  revision = "33fb24c13b99c46c93183c291836c573ac382536"

[[projects]]
  digest = "1:4709c61d984ef9ba99b037b047546d8a576ae984fb49486e48d99658aa750cd5"
  name = "github.com/peterbourgon/diskv"
  packages = ["."]
  pruneopts = ""
  revision = "0be1b92a6df0e4f5cb0a5d15fb7f643d0ad93ce6"
  version = "v3.0.0"

[[projects]]
  digest = "1:123a05e529da275a1f0deb61bd8adfd1d8ef0ecd642120c8c1bf79ab8f91cf33"
  name = "github.com/rogpeppe/fastuuid"
  packages = ["."]
  pruneopts = ""
  revision = "10c3923834d38e951ae8f627bfec2dc632c5b6cb"
  version = "v1.2.0"

[[projects]]
  digest = "1:275de36a5db8e4b182f5e6527123fc4f33f5b7f7304eb33e7d06072c5a4801c4"
  name = "github.com/rs/cors"
  packages = ["."]
  pruneopts = ""
  revision = "ca016a06a5753f8ba03029c0aa5e54afb1bf713f"
  version = "v1.4.0"

[[projects]]
  branch = "master"
  digest = "1:a0111d42081046584e3740ef408b306b006344fb97a96c2ffc90a5184fae34e9"
  name = "github.com/shabbyrobe/xmlwriter"
  packages = ["."]
  pruneopts = ""
  revision = "9fca06d00ffa0a458732d1cb904f4b7a4846c8b2"

[[projects]]
  digest = "1:8cf46b6c18a91068d446e26b67512cf16f1540b45d90b28b9533706a127f0ca6"
  name = "github.com/sirupsen/logrus"
  packages = ["."]
  pruneopts = ""
  revision = "c155da19408a8799da419ed3eeb0cb5db0ad5dbc"
  version = "v1.0.5"

[[projects]]
  digest = "1:d3e2e29bc7342053edc85e1ad751275694a96d58516f749cf3413db1a0eca2ba"
  name = "github.com/spf13/afero"
  packages = [
    ".",
    "mem",
  ]
  pruneopts = ""
  revision = "63644898a8da0bc22138abf860edaf5277b6102e"
  version = "v1.1.0"

[[projects]]
  digest = "1:d0b38ba6da419a6d4380700218eeec8623841d44a856bb57369c172fbf692ab4"
  name = "github.com/spf13/cast"
  packages = ["."]
  pruneopts = ""
  revision = "8965335b8c7107321228e3e3702cab9832751bac"
  version = "v1.2.0"

[[projects]]
  branch = "master"
  digest = "1:104517520aab91164020ab6524a5d6b7cafc641b2e42ac6236f6ac1deac4f66a"
  name = "github.com/spf13/jwalterweatherman"
  packages = ["."]
  pruneopts = ""
  revision = "7c0cea34c8ece3fbeb2b27ab9b59511d360fb394"

[[projects]]
  digest = "1:8e243c568f36b09031ec18dff5f7d2769dcf5ca4d624ea511c8e3197dc3d352d"
  name = "github.com/spf13/pflag"
  packages = ["."]
  pruneopts = ""
  revision = "583c0c0531f06d5278b7d917446061adc344b5cd"
  version = "v1.0.1"

[[projects]]
  digest = "1:3dab237cd3263a290d771d133fed777bb56c22e380b00ebe92e6531d5c8d3d0c"
  name = "github.com/spf13/viper"
  packages = ["."]
  pruneopts = ""
  revision = "b5e8006cbee93ec955a89ab31e0e3ce3204f3736"
  version = "v1.0.2"

[[projects]]
  digest = "1:4510712cd72bea4b8d9b84310b14a78350169d0908eb094e4c75e44b10035566"
  name = "github.com/stoewer/go-strcase"
  packages = ["."]
  pruneopts = ""
  revision = "c8136b55823dc6af966d084a06056c5575f6400f"
  version = "v1.0.1"

[[projects]]
  digest = "1:f4b472253e43edfd9e44e4460fbf3614b6aaf48da9011feee727e1ac671af8d0"
  name = "github.com/tealeg/xlsx"
  packages = ["."]
  pruneopts = ""
  revision = "9dabf761446c365f70bce55fe5e384b8fadb9c80"
  version = "v3.2.0"

[[projects]]
  digest = "1:2a34b37d017e0e03a1683598ce909369e04a84bd082ccab9528dd68ed384b987"
  name = "github.com/ziutek/mymysql"
  packages = [
    "godrv",
    "mysql",
    "native",
  ]
  pruneopts = ""
  revision = "e08c2f35356576b3c3690c252fe5dca728ae9292"
  version = "v1.5.4"

[[projects]]
  branch = "master"
  digest = "1:a82beacf15f4bd134c5d6fd04f2bbf49741fd01980f9a5b14ea0b74ea3af2778"
  name = "golang.org/x/crypto"
  packages = [
    "bcrypt",
    "blowfish",
    "ssh/terminal",
  ]
  pruneopts = ""
  revision = "ab813273cd59e1333f7ae7bff5d027d4aadf528c"

[[projects]]
  branch = "master"
  digest = "1:bc468e6f6fb109d22b8aa37b1eb9f8e705ebdbe7f462034cfcb72ac73e41b375"
  name = "golang.org/x/sys"
  packages = [
    "unix",
    "windows",
    "windows/registry",
    "windows/svc",
    "windows/svc/eventlog",
    "windows/svc/mgr",
  ]
  pruneopts = ""
  revision = "c11f84a56e43e20a78cee75a7c034031ecf57d1f"

[[projects]]
  branch = "master"
  digest = "1:3ebe3e1e2ca1fbe958c864b3ff5eb67a16d35031f87a622820efb9a5aa322756"
  name = "golang.org/x/text"
  packages = [
    "encoding",
    "encoding/internal/identifier",
    "internal/gen",
    "internal/triegen",
    "internal/ucd",
    "transform",
    "unicode/cldr",
    "unicode/norm",
  ]
  pruneopts = ""
  revision = "5c1cf69b5978e5a34c5f9ba09a83e56acc4b7877"

[[projects]]
  branch = "master"
  digest = "1:a5a7a1a9560c0eb1f8b32c40da2e71bd2a05b9ff9e1ea294461c7dbe0d24c6bc"
  name = "golang.org/x/xerrors"
  packages = [
    ".",
    "internal",
  ]
  pruneopts = ""
  revision = "5ec99f83aff198f5fbd629d6c8d8eb38a04218ca"

[[projects]]
  digest = "1:f0620375dd1f6251d9973b5f2596228cc8042e887cd7f827e4220bc1ce8c30e2"
  name = "gopkg.in/yaml.v2"
  packages = ["."]
  pruneopts = ""
  revision = "5420a8b6744d3b0345ab293f6fcba19c978f1183"
  version = "v2.2.1"

[solve-meta]
  analyzer-name = "dep"
  analyzer-version = 1
  input-imports = [
    "github.com/NYTimes/gziphandler",
    "github.com/bakins/logrus-middleware",
    "github.com/gorilla/mux",
    "github.com/jinzhu/gorm",
    "github.com/jinzhu/gorm/dialects/mysql",
    "github.com/kardianos/service",
    "github.com/kellydunn/golang-geo",
    "github.com/rs/cors",
    "github.com/sirupsen/logrus",
    "github.com/spf13/viper",
    "github.com/stoewer/go-strcase",
    "github.com/tealeg/xlsx",
    "golang.org/x/crypto/bcrypt",
  ]
  solver-name = "gps-cdcl"
  solver-version = 1
